<Solution>
  <Folder Name="/Core/">
    <Project Path="Application/Application.csproj" />
    <Project Path="Contracts/Contracts.csproj" />
  </Folder>
  <Folder Name="/Infrastructure/">
    <Project Path="DAL/DAL.csproj" />
    <Project Path="External/External.csproj" />
    <Project Path="SqlMigrations/Migrations.csproj" />
  </Folder>
  <Folder Name="/Presentation/" />
  <Folder Name="/Presentation/Desktop/" />
  <Folder Name="/Presentation/Mobile/" />
  <Folder Name="/Solution Items/">
    <File Path=".editorconfig" />
  </Folder>
  <Project Path="Boundary/Boundary.csproj" />
  <Project Path="eZbori.Sender/eZbori.Sender.csproj" />
  <Project Path="eZbori.WebAPI/eZbori.Web.csproj" />
</Solution>
